
Microsoft Visual Studio Solution File, Format Version 12.00
# Visual Studio Version 16
VisualStudioVersion = 16.0.32802.440
MinimumVisualStudioVersion = 10.0.40219.1
Project("{8BC9CEB8-8B4A-11D0-8D11-00A0C91BC942}") = "RXJHDll", "RXJHDll.vcxproj", "{CC0EEC50-79B5-4637-8A18-8A9C1FDB0089}"
EndProject
Project("{8BC9CEB8-8B4A-11D0-8D11-00A0C91BC942}") = "QtInject", "..\QtInject\QtInject.vcxproj", "{FFEF65E5-C1AB-38C5-98FB-6855777A9612}"
EndProject
Global
	GlobalSection(SolutionConfigurationPlatforms) = preSolution
		Debug|x64 = Debug|x64
		Debug|x86 = Debug|x86
		Release|x64 = Release|x64
		Release|x86 = Release|x86
	EndGlobalSection
	GlobalSection(ProjectConfigurationPlatforms) = postSolution
		{CC0EEC50-79B5-4637-8A18-8A9C1FDB0089}.Debug|x64.ActiveCfg = Debug|x64
		{CC0EEC50-79B5-4637-8A18-8A9C1FDB0089}.Debug|x64.Build.0 = Debug|x64
		{CC0EEC50-79B5-4637-8A18-8A9C1FDB0089}.Debug|x86.ActiveCfg = Debug|Win32
		{CC0EEC50-79B5-4637-8A18-8A9C1FDB0089}.Debug|x86.Build.0 = Debug|Win32
		{CC0EEC50-79B5-4637-8A18-8A9C1FDB0089}.Release|x64.ActiveCfg = Release|x64
		{CC0EEC50-79B5-4637-8A18-8A9C1FDB0089}.Release|x64.Build.0 = Release|x64
		{CC0EEC50-79B5-4637-8A18-8A9C1FDB0089}.Release|x86.ActiveCfg = Release|Win32
		{CC0EEC50-79B5-4637-8A18-8A9C1FDB0089}.Release|x86.Build.0 = Release|Win32
		{FFEF65E5-C1AB-38C5-98FB-6855777A9612}.Debug|x64.ActiveCfg = Debug|x64
		{FFEF65E5-C1AB-38C5-98FB-6855777A9612}.Debug|x64.Build.0 = Debug|x64
		{FFEF65E5-C1AB-38C5-98FB-6855777A9612}.Debug|x86.ActiveCfg = Debug|x64
		{FFEF65E5-C1AB-38C5-98FB-6855777A9612}.Release|x64.ActiveCfg = Release|x64
		{FFEF65E5-C1AB-38C5-98FB-6855777A9612}.Release|x64.Build.0 = Release|x64
		{FFEF65E5-C1AB-38C5-98FB-6855777A9612}.Release|x86.ActiveCfg = Release|x64
	EndGlobalSection
	GlobalSection(SolutionProperties) = preSolution
		HideSolutionNode = FALSE
	EndGlobalSection
	GlobalSection(ExtensibilityGlobals) = postSolution
		SolutionGuid = {D9063221-F9DB-49EA-B896-B0AC20FC2FC6}
	EndGlobalSection
EndGlobal
